PODS:
  - Cosmos (22.1.0)
  - Realm (4.3.2):
    - Realm/Headers (= 4.3.2)
  - Realm/Headers (4.3.2)
  - RealmSwift (4.3.2):
    - Realm (= 4.3.2)

DEPENDENCIES:
  - Cosmos (~> 22.1)
  - RealmSwift

SPEC REPOS:
  trunk:
    - Cosmos
    - Realm
    - RealmSwift

SPEC CHECKSUMS:
  Cosmos: 2795b36ad4bbea1af3050d6d65576ed63875f86a
  Realm: 5e92902e2875dff4bb0fd02f67bb737c3d5db2bc
  RealmSwift: 9a360fc7bae04fc2e308a34fbd899d5faa2d6b22

PODFILE CHECKSUM: 2ae5253d18d6c9febf99a7fd8783675ecf89663c

COCOAPODS: 1.9.0
