// !$*UTF8*$!
{
	archiveVersion = 1;
	classes = {
	};
	objectVersion = 50;
	objects = {

/* Begin PBXBuildFile section */
		5B95FBE423996CC300136915 /* AppDelegate.swift in Sources */ = {isa = PBXBuildFile; fileRef = 5B95FBE323996CC300136915 /* AppDelegate.swift */; };
		5B95FBE623996CC300136915 /* SceneDelegate.swift in Sources */ = {isa = PBXBuildFile; fileRef = 5B95FBE523996CC300136915 /* SceneDelegate.swift */; };
		5B95FBEB23996CC300136915 /* Main.storyboard in Resources */ = {isa = PBXBuildFile; fileRef = 5B95FBE923996CC300136915 /* Main.storyboard */; };
		5B95FBEE23996CC300136915 /* RateIt.xcdatamodeld in Sources */ = {isa = PBXBuildFile; fileRef = 5B95FBEC23996CC300136915 /* RateIt.xcdatamodeld */; };
		5B95FBF023996CC600136915 /* Assets.xcassets in Resources */ = {isa = PBXBuildFile; fileRef = 5B95FBEF23996CC600136915 /* Assets.xcassets */; };
		5B95FBF323996CC600136915 /* LaunchScreen.storyboard in Resources */ = {isa = PBXBuildFile; fileRef = 5B95FBF123996CC600136915 /* LaunchScreen.storyboard */; };
		5B95FBFC23996D2700136915 /* MainTableViewCell.swift in Sources */ = {isa = PBXBuildFile; fileRef = 5B95FBFA23996D2700136915 /* MainTableViewCell.swift */; };
		5B95FBFD23996D2700136915 /* MainTableViewController.swift in Sources */ = {isa = PBXBuildFile; fileRef = 5B95FBFB23996D2700136915 /* MainTableViewController.swift */; };
/* End PBXBuildFile section */

/* Begin PBXFileReference section */
		5B95FBE023996CC300136915 /* RateIt.app */ = {isa = PBXFileReference; explicitFileType = wrapper.application; includeInIndex = 0; path = RateIt.app; sourceTree = BUILT_PRODUCTS_DIR; };
		5B95FBE323996CC300136915 /* AppDelegate.swift */ = {isa = PBXFileReference; lastKnownFileType = sourcecode.swift; path = AppDelegate.swift; sourceTree = "<group>"; };
		5B95FBE523996CC300136915 /* SceneDelegate.swift */ = {isa = PBXFileReference; lastKnownFileType = sourcecode.swift; path = SceneDelegate.swift; sourceTree = "<group>"; };
		5B95FBEA23996CC300136915 /* Base */ = {isa = PBXFileReference; lastKnownFileType = file.storyboard; name = Base; path = Base.lproj/Main.storyboard; sourceTree = "<group>"; };
		5B95FBED23996CC300136915 /* RateIt.xcdatamodel */ = {isa = PBXFileReference; lastKnownFileType = wrapper.xcdatamodel; path = RateIt.xcdatamodel; sourceTree = "<group>"; };
		5B95FBEF23996CC600136915 /* Assets.xcassets */ = {isa = PBXFileReference; lastKnownFileType = folder.assetcatalog; path = Assets.xcassets; sourceTree = "<group>"; };
		5B95FBF223996CC600136915 /* Base */ = {isa = PBXFileReference; lastKnownFileType = file.storyboard; name = Base; path = Base.lproj/LaunchScreen.storyboard; sourceTree = "<group>"; };
		5B95FBF423996CC600136915 /* Info.plist */ = {isa = PBXFileReference; lastKnownFileType = text.plist.xml; path = Info.plist; sourceTree = "<group>"; };
		5B95FBFA23996D2700136915 /* MainTableViewCell.swift */ = {isa = PBXFileReference; fileEncoding = 4; lastKnownFileType = sourcecode.swift; path = MainTableViewCell.swift; sourceTree = "<group>"; };
		5B95FBFB23996D2700136915 /* MainTableViewController.swift */ = {isa = PBXFileReference; fileEncoding = 4; lastKnownFileType = sourcecode.swift; path = MainTableViewController.swift; sourceTree = "<group>"; };
/* End PBXFileReference section */

/* Begin PBXFrameworksBuildPhase section */
		5B95FBDD23996CC300136915 /* Frameworks */ = {
			isa = PBXFrameworksBuildPhase;
			buildActionMask = 2147483647;
			files = (
			);
			runOnlyForDeploymentPostprocessing = 0;
		};
/* End PBXFrameworksBuildPhase section */

/* Begin PBXGroup section */
		5B95FBD723996CC300136915 = {
			isa = PBXGroup;
			children = (
				5B95FBE223996CC300136915 /* RateIt */,
				5B95FBE123996CC300136915 /* Products */,
			);
			sourceTree = "<group>";
		};
		5B95FBE123996CC300136915 /* Products */ = {
			isa = PBXGroup;
			children = (
				5B95FBE023996CC300136915 /* RateIt.app */,
			);
			name = Products;
			sourceTree = "<group>";
		};
		5B95FBE223996CC300136915 /* RateIt */ = {
			isa = PBXGroup;
			children = (
				5B95FBFA23996D2700136915 /* MainTableViewCell.swift */,
				5B95FBFB23996D2700136915 /* MainTableViewController.swift */,
				5B95FBE323996CC300136915 /* AppDelegate.swift */,
				5B95FBE523996CC300136915 /* SceneDelegate.swift */,
				5B95FBE923996CC300136915 /* Main.storyboard */,
				5B95FBEF23996CC600136915 /* Assets.xcassets */,
				5B95FBF123996CC600136915 /* LaunchScreen.storyboard */,
				5B95FBF423996CC600136915 /* Info.plist */,
				5B95FBEC23996CC300136915 /* RateIt.xcdatamodeld */,
			);
			path = RateIt;
			sourceTree = "<group>";
		};
/* End PBXGroup section */

/* Begin PBXNativeTarget section */
		5B95FBDF23996CC300136915 /* RateIt */ = {
			isa = PBXNativeTarget;
			buildConfigurationList = 5B95FBF723996CC600136915 /* Build configuration list for PBXNativeTarget "RateIt" */;
			buildPhases = (
				5B95FBDC23996CC300136915 /* Sources */,
				5B95FBDD23996CC300136915 /* Frameworks */,
				5B95FBDE23996CC300136915 /* Resources */,
			);
			buildRules = (
			);
			dependencies = (
			);
			name = RateIt;
			productName = RateIt;
			productReference = 5B95FBE023996CC300136915 /* RateIt.app */;
			productType = "com.apple.product-type.application";
		};
/* End PBXNativeTarget section */

/* Begin PBXProject section */
		5B95FBD823996CC300136915 /* Project object */ = {
			isa = PBXProject;
			attributes = {
				LastSwiftUpdateCheck = 1120;
				LastUpgradeCheck = 1120;
				ORGANIZATIONNAME = "Nikita Vesna";
				TargetAttributes = {
					5B95FBDF23996CC300136915 = {
						CreatedOnToolsVersion = 11.2.1;
					};
				};
			};
			buildConfigurationList = 5B95FBDB23996CC300136915 /* Build configuration list for PBXProject "RateIt" */;
			compatibilityVersion = "Xcode 9.3";
			developmentRegion = en;
			hasScannedForEncodings = 0;
			knownRegions = (
				en,
				Base,
			);
			mainGroup = 5B95FBD723996CC300136915;
			productRefGroup = 5B95FBE123996CC300136915 /* Products */;
			projectDirPath = "";
			projectRoot = "";
			targets = (
				5B95FBDF23996CC300136915 /* RateIt */,
			);
		};
/* End PBXProject section */

/* Begin PBXResourcesBuildPhase section */
		5B95FBDE23996CC300136915 /* Resources */ = {
			isa = PBXResourcesBuildPhase;
			buildActionMask = 2147483647;
			files = (
				5B95FBF323996CC600136915 /* LaunchScreen.storyboard in Resources */,
				5B95FBF023996CC600136915 /* Assets.xcassets in Resources */,
				5B95FBEB23996CC300136915 /* Main.storyboard in Resources */,
			);
			runOnlyForDeploymentPostprocessing = 0;
		};
/* End PBXResourcesBuildPhase section */

/* Begin PBXSourcesBuildPhase section */
		5B95FBDC23996CC300136915 /* Sources */ = {
			isa = PBXSourcesBuildPhase;
			buildActionMask = 2147483647;
			files = (
				5B95FBEE23996CC300136915 /* RateIt.xcdatamodeld in Sources */,
				5B95FBE423996CC300136915 /* AppDelegate.swift in Sources */,
				5B95FBFC23996D2700136915 /* MainTableViewCell.swift in Sources */,
				5B95FBFD23996D2700136915 /* MainTableViewController.swift in Sources */,
				5B95FBE623996CC300136915 /* SceneDelegate.swift in Sources */,
			);
			runOnlyForDeploymentPostprocessing = 0;
		};
/* End PBXSourcesBuildPhase section */

/* Begin PBXVariantGroup section */
		5B95FBE923996CC300136915 /* Main.storyboard */ = {
			isa = PBXVariantGroup;
			children = (
				5B95FBEA23996CC300136915 /* Base */,
			);
			name = Main.storyboard;
			sourceTree = "<group>";
		};
		5B95FBF123996CC600136915 /* LaunchScreen.storyboard */ = {
			isa = PBXVariantGroup;
			children = (
				5B95FBF223996CC600136915 /* Base */,
			);
			name = LaunchScreen.storyboard;
			sourceTree = "<group>";
		};
/* End PBXVariantGroup section */

/* Begin XCBuildConfiguration section */
		5B95FBF523996CC600136915 /* Debug */ = {
			isa = XCBuildConfiguration;
			buildSettings = {
				ALWAYS_SEARCH_USER_PATHS = NO;
				CLANG_ANALYZER_NONNULL = YES;
				CLANG_ANALYZER_NUMBER_OBJECT_CONVERSION = YES_AGGRESSIVE;
				CLANG_CXX_LANGUAGE_STANDARD = "gnu++14";
				CLANG_CXX_LIBRARY = "libc++";
				CLANG_ENABLE_MODULES = YES;
				CLANG_ENABLE_OBJC_ARC = YES;
				CLANG_ENABLE_OBJC_WEAK = YES;
				CLANG_WARN_BLOCK_CAPTURE_AUTORELEASING = YES;
				CLANG_WARN_BOOL_CONVERSION = YES;
				CLANG_WARN_COMMA = YES;
				CLANG_WARN_CONSTANT_CONVERSION = YES;
				CLANG_WARN_DEPRECATED_OBJC_IMPLEMENTATIONS = YES;
				CLANG_WARN_DIRECT_OBJC_ISA_USAGE = YES_ERROR;
				CLANG_WARN_DOCUMENTATION_COMMENTS = YES;
				CLANG_WARN_EMPTY_BODY = YES;
				CLANG_WARN_ENUM_CONVERSION = YES;
				CLANG_WARN_INFINITE_RECURSION = YES;
				CLANG_WARN_INT_CONVERSION = YES;
				CLANG_WARN_NON_LITERAL_NULL_CONVERSION = YES;
				CLANG_WARN_OBJC_IMPLICIT_RETAIN_SELF = YES;
				CLANG_WARN_OBJC_LITERAL_CONVERSION = YES;
				CLANG_WARN_OBJC_ROOT_CLASS = YES_ERROR;
				CLANG_WARN_RANGE_LOOP_ANALYSIS = YES;
				CLANG_WARN_STRICT_PROTOTYPES = YES;
				CLANG_WARN_SUSPICIOUS_MOVE = YES;
				CLANG_WARN_UNGUARDED_AVAILABILITY = YES_AGGRESSIVE;
				CLANG_WARN_UNREACHABLE_CODE = YES;
				CLANG_WARN__DUPLICATE_METHOD_MATCH = YES;
				COPY_PHASE_STRIP = NO;
				DEBUG_INFORMATION_FORMAT = dwarf;
				ENABLE_STRICT_OBJC_MSGSEND = YES;
				ENABLE_TESTABILITY = YES;
				GCC_C_LANGUAGE_STANDARD = gnu11;
				GCC_DYNAMIC_NO_PIC = NO;
				GCC_NO_COMMON_BLOCKS = YES;
				GCC_OPTIMIZATION_LEVEL = 0;
				GCC_PREPROCESSOR_DEFINITIONS = (
					"DEBUG=1",
					"$(inherited)",
				);
				GCC_WARN_64_TO_32_BIT_CONVERSION = YES;
				GCC_WARN_ABOUT_RETURN_TYPE = YES_ERROR;
				GCC_WARN_UNDECLARED_SELECTOR = YES;
				GCC_WARN_UNINITIALIZED_AUTOS = YES_AGGRESSIVE;
				GCC_WARN_UNUSED_FUNCTION = YES;
				GCC_WARN_UNUSED_VARIABLE = YES;
				IPHONEOS_DEPLOYMENT_TARGET = 13.2;
				MTL_ENABLE_DEBUG_INFO = INCLUDE_SOURCE;
				MTL_FAST_MATH = YES;
				ONLY_ACTIVE_ARCH = YES;
				SDKROOT = iphoneos;
				SWIFT_ACTIVE_COMPILATION_CONDITIONS = DEBUG;
				SWIFT_OPTIMIZATION_LEVEL = "-Onone";
			};
			name = Debug;
		};
		5B95FBF623996CC600136915 /* Release */ = {
			isa = XCBuildConfiguration;
			buildSettings = {
				ALWAYS_SEARCH_USER_PATHS = NO;
				CLANG_ANALYZER_NONNULL = YES;
				CLANG_ANALYZER_NUMBER_OBJECT_CONVERSION = YES_AGGRESSIVE;
				CLANG_CXX_LANGUAGE_STANDARD = "gnu++14";
				CLANG_CXX_LIBRARY = "libc++";
				CLANG_ENABLE_MODULES = YES;
				CLANG_ENABLE_OBJC_ARC = YES;
				CLANG_ENABLE_OBJC_WEAK = YES;
				CLANG_WARN_BLOCK_CAPTURE_AUTORELEASING = YES;
				CLANG_WARN_BOOL_CONVERSION = YES;
				CLANG_WARN_COMMA = YES;
				CLANG_WARN_CONSTANT_CONVERSION = YES;
				CLANG_WARN_DEPRECATED_OBJC_IMPLEMENTATIONS = YES;
				CLANG_WARN_DIRECT_OBJC_ISA_USAGE = YES_ERROR;
				CLANG_WARN_DOCUMENTATION_COMMENTS = YES;
				CLANG_WARN_EMPTY_BODY = YES;
				CLANG_WARN_ENUM_CONVERSION = YES;
				CLANG_WARN_INFINITE_RECURSION = YES;
				CLANG_WARN_INT_CONVERSION = YES;
				CLANG_WARN_NON_LITERAL_NULL_CONVERSION = YES;
				CLANG_WARN_OBJC_IMPLICIT_RETAIN_SELF = YES;
				CLANG_WARN_OBJC_LITERAL_CONVERSION = YES;
				CLANG_WARN_OBJC_ROOT_CLASS = YES_ERROR;
				CLANG_WARN_RANGE_LOOP_ANALYSIS = YES;
				CLANG_WARN_STRICT_PROTOTYPES = YES;
				CLANG_WARN_SUSPICIOUS_MOVE = YES;
				CLANG_WARN_UNGUARDED_AVAILABILITY = YES_AGGRESSIVE;
				CLANG_WARN_UNREACHABLE_CODE = YES;
				CLANG_WARN__DUPLICATE_METHOD_MATCH = YES;
				COPY_PHASE_STRIP = NO;
				DEBUG_INFORMATION_FORMAT = "dwarf-with-dsym";
				ENABLE_NS_ASSERTIONS = NO;
				ENABLE_STRICT_OBJC_MSGSEND = YES;
				GCC_C_LANGUAGE_STANDARD = gnu11;
				GCC_NO_COMMON_BLOCKS = YES;
				GCC_WARN_64_TO_32_BIT_CONVERSION = YES;
				GCC_WARN_ABOUT_RETURN_TYPE = YES_ERROR;
				GCC_WARN_UNDECLARED_SELECTOR = YES;
				GCC_WARN_UNINITIALIZED_AUTOS = YES_AGGRESSIVE;
				GCC_WARN_UNUSED_FUNCTION = YES;
				GCC_WARN_UNUSED_VARIABLE = YES;
				IPHONEOS_DEPLOYMENT_TARGET = 13.2;
				MTL_ENABLE_DEBUG_INFO = NO;
				MTL_FAST_MATH = YES;
				SDKROOT = iphoneos;
				SWIFT_COMPILATION_MODE = wholemodule;
				SWIFT_OPTIMIZATION_LEVEL = "-O";
				VALIDATE_PRODUCT = YES;
			};
			name = Release;
		};
		5B95FBF823996CC600136915 /* Debug */ = {
			isa = XCBuildConfiguration;
			buildSettings = {
				ASSETCATALOG_COMPILER_APPICON_NAME = AppIcon;
				CODE_SIGN_STYLE = Automatic;
				DEVELOPMENT_TEAM = MU6JB4A554;
				INFOPLIST_FILE = RateIt/Info.plist;
				LD_RUNPATH_SEARCH_PATHS = (
					"$(inherited)",
					"@executable_path/Frameworks",
				);
				PRODUCT_BUNDLE_IDENTIFIER = prod.vesna.RateIt;
				PRODUCT_NAME = "$(TARGET_NAME)";
				SWIFT_VERSION = 5.0;
				TARGETED_DEVICE_FAMILY = "1,2";
			};
			name = Debug;
		};
		5B95FBF923996CC600136915 /* Release */ = {
			isa = XCBuildConfiguration;
			buildSettings = {
				ASSETCATALOG_COMPILER_APPICON_NAME = AppIcon;
				CODE_SIGN_STYLE = Automatic;
				DEVELOPMENT_TEAM = MU6JB4A554;
				INFOPLIST_FILE = RateIt/Info.plist;
				LD_RUNPATH_SEARCH_PATHS = (
					"$(inherited)",
					"@executable_path/Frameworks",
				);
				PRODUCT_BUNDLE_IDENTIFIER = prod.vesna.RateIt;
				PRODUCT_NAME = "$(TARGET_NAME)";
				SWIFT_VERSION = 5.0;
				TARGETED_DEVICE_FAMILY = "1,2";
			};
			name = Release;
		};
/* End XCBuildConfiguration section */

/* Begin XCConfigurationList section */
		5B95FBDB23996CC300136915 /* Build configuration list for PBXProject "RateIt" */ = {
			isa = XCConfigurationList;
			buildConfigurations = (
				5B95FBF523996CC600136915 /* Debug */,
				5B95FBF623996CC600136915 /* Release */,
			);
			defaultConfigurationIsVisible = 0;
			defaultConfigurationName = Release;
		};
		5B95FBF723996CC600136915 /* Build configuration list for PBXNativeTarget "RateIt" */ = {
			isa = XCConfigurationList;
			buildConfigurations = (
				5B95FBF823996CC600136915 /* Debug */,
				5B95FBF923996CC600136915 /* Release */,
			);
			defaultConfigurationIsVisible = 0;
			defaultConfigurationName = Release;
		};
/* End XCConfigurationList section */

/* Begin XCVersionGroup section */
		5B95FBEC23996CC300136915 /* RateIt.xcdatamodeld */ = {
			isa = XCVersionGroup;
			children = (
				5B95FBED23996CC300136915 /* RateIt.xcdatamodel */,
			);
			currentVersion = 5B95FBED23996CC300136915 /* RateIt.xcdatamodel */;
			path = RateIt.xcdatamodeld;
			sourceTree = "<group>";
			versionGroupType = wrapper.xcdatamodel;
		};
/* End XCVersionGroup section */
	};
	rootObject = 5B95FBD823996CC300136915 /* Project object */;
}
